
Microsoft Visual Studio Solution File, Format Version 12.00
# Visual Studio Version 16
VisualStudioVersion = 16.0.29403.142
MinimumVisualStudioVersion = 10.0.40219.1
Project("{FAE04EC0-301F-11D3-BF4B-00C04F79EFBC}") = "Module1_1", "Module1_1\Module1_1.csproj", "{194721D6-79AE-486C-BEC6-D872AF0E44D6}"
EndProject
Global
	GlobalSection(SolutionConfigurationPlatforms) = preSolution
		Debug|Any CPU = Debug|Any CPU
		Release|Any CPU = Release|Any CPU
	EndGlobalSection
	GlobalSection(ProjectConfigurationPlatforms) = postSolution
		{194721D6-79AE-486C-BEC6-D872AF0E44D6}.Debug|Any CPU.ActiveCfg = Debug|Any CPU
		{194721D6-79AE-486C-BEC6-D872AF0E44D6}.Debug|Any CPU.Build.0 = Debug|Any CPU
		{194721D6-79AE-486C-BEC6-D872AF0E44D6}.Release|Any CPU.ActiveCfg = Release|Any CPU
		{194721D6-79AE-486C-BEC6-D872AF0E44D6}.Release|Any CPU.Build.0 = Release|Any CPU
	EndGlobalSection
	GlobalSection(SolutionProperties) = preSolution
		HideSolutionNode = FALSE
	EndGlobalSection
	GlobalSection(ExtensibilityGlobals) = postSolution
		SolutionGuid = {B875885D-7BD0-49BE-A628-A0D74D430561}
	EndGlobalSection
EndGlobal
